
Microsoft Visual Studio Solution File, Format Version 12.00
# Visual Studio Version 17
VisualStudioVersion = 17.5.33516.290
MinimumVisualStudioVersion = 10.0.40219.1
Project("{2150E333-8FDC-42A3-9474-1A3956D46DE8}") = "Application", "Application", "{C40BECC1-723D-45D4-A198-57B9B46868AB}"
EndProject
Project("{2150E333-8FDC-42A3-9474-1A3956D46DE8}") = "Domain", "Domain", "{52E1B60F-982D-44C9-8C0E-DC4A5EC4E2DC}"
EndProject
Project("{2150E333-8FDC-42A3-9474-1A3956D46DE8}") = "Services", "Services", "{580F5D48-540D-4EE1-95ED-FB2A46C4739F}"
EndProject
Project("{2150E333-8FDC-42A3-9474-1A3956D46DE8}") = "Utilities", "Utilities", "{ADD2C8C9-E227-4A2B-9808-55E9CB608F7C}"
EndProject
Project("{FAE04EC0-301F-11D3-BF4B-00C04F79EFBC}") = "CLINICAL.Domain", "src\CLINICAL.Domain\CLINICAL.Domain.csproj", "{11AA9F5C-9A57-4F5F-B82C-CD48381C4EB5}"
EndProject
Project("{2150E333-8FDC-42A3-9474-1A3956D46DE8}") = "Infrastructure", "Infrastructure", "{965BB4FD-AAF6-407F-AC0E-08B74E01AA6B}"
EndProject
Project("{FAE04EC0-301F-11D3-BF4B-00C04F79EFBC}") = "CLINICAL.Infrastructure", "src\CLINICAL.Infrastructure\CLINICAL.Infrastructure.csproj", "{5C4B84F3-7055-4931-9A40-C214AA0FBFC8}"
EndProject
Project("{FAE04EC0-301F-11D3-BF4B-00C04F79EFBC}") = "CLINICAL.Persistence", "src\CLINICAL.Persistence\CLINICAL.Persistence.csproj", "{43BC83A5-5EA3-4FE0-A6AB-C89B2FA7F32C}"
EndProject
Project("{FAE04EC0-301F-11D3-BF4B-00C04F79EFBC}") = "CLINICAL.Application.Dtos", "src\CLINICAL.Application.Dtos\CLINICAL.Application.Dtos.csproj", "{92BFC81E-99A4-4C02-B74B-B03B3FA92AE6}"
EndProject
Project("{FAE04EC0-301F-11D3-BF4B-00C04F79EFBC}") = "CLINICAL.Application.Interface", "src\CLINICAL.Application.Interface\CLINICAL.Application.Interface.csproj", "{646A296D-7C9A-401F-A9CA-38398CF8AF54}"
EndProject
Project("{FAE04EC0-301F-11D3-BF4B-00C04F79EFBC}") = "CLINICAL.Application.UseCase", "src\CLINICAL.Application.UseCase\CLINICAL.Application.UseCase.csproj", "{10168EAD-7246-4E25-9A02-0C0CFDD1AE8A}"
EndProject
Project("{FAE04EC0-301F-11D3-BF4B-00C04F79EFBC}") = "CLINICAL.Api", "src\CLINICAL.Api\CLINICAL.Api.csproj", "{9DE8D4F0-ADF8-4C8D-84FE-13BF01F3AC42}"
EndProject
Project("{FAE04EC0-301F-11D3-BF4B-00C04F79EFBC}") = "CLINICAL.Utilities", "src\CLINICAL.Utilities\CLINICAL.Utilities.csproj", "{015BC4C5-04D5-4322-8562-012601583729}"
EndProject
Global
	GlobalSection(SolutionConfigurationPlatforms) = preSolution
		Debug|Any CPU = Debug|Any CPU
		Release|Any CPU = Release|Any CPU
	EndGlobalSection
	GlobalSection(ProjectConfigurationPlatforms) = postSolution
		{11AA9F5C-9A57-4F5F-B82C-CD48381C4EB5}.Debug|Any CPU.ActiveCfg = Debug|Any CPU
		{11AA9F5C-9A57-4F5F-B82C-CD48381C4EB5}.Debug|Any CPU.Build.0 = Debug|Any CPU
		{11AA9F5C-9A57-4F5F-B82C-CD48381C4EB5}.Release|Any CPU.ActiveCfg = Release|Any CPU
		{11AA9F5C-9A57-4F5F-B82C-CD48381C4EB5}.Release|Any CPU.Build.0 = Release|Any CPU
		{5C4B84F3-7055-4931-9A40-C214AA0FBFC8}.Debug|Any CPU.ActiveCfg = Debug|Any CPU
		{5C4B84F3-7055-4931-9A40-C214AA0FBFC8}.Debug|Any CPU.Build.0 = Debug|Any CPU
		{5C4B84F3-7055-4931-9A40-C214AA0FBFC8}.Release|Any CPU.ActiveCfg = Release|Any CPU
		{5C4B84F3-7055-4931-9A40-C214AA0FBFC8}.Release|Any CPU.Build.0 = Release|Any CPU
		{43BC83A5-5EA3-4FE0-A6AB-C89B2FA7F32C}.Debug|Any CPU.ActiveCfg = Debug|Any CPU
		{43BC83A5-5EA3-4FE0-A6AB-C89B2FA7F32C}.Debug|Any CPU.Build.0 = Debug|Any CPU
		{43BC83A5-5EA3-4FE0-A6AB-C89B2FA7F32C}.Release|Any CPU.ActiveCfg = Release|Any CPU
		{43BC83A5-5EA3-4FE0-A6AB-C89B2FA7F32C}.Release|Any CPU.Build.0 = Release|Any CPU
		{92BFC81E-99A4-4C02-B74B-B03B3FA92AE6}.Debug|Any CPU.ActiveCfg = Debug|Any CPU
		{92BFC81E-99A4-4C02-B74B-B03B3FA92AE6}.Debug|Any CPU.Build.0 = Debug|Any CPU
		{92BFC81E-99A4-4C02-B74B-B03B3FA92AE6}.Release|Any CPU.ActiveCfg = Release|Any CPU
		{92BFC81E-99A4-4C02-B74B-B03B3FA92AE6}.Release|Any CPU.Build.0 = Release|Any CPU
		{646A296D-7C9A-401F-A9CA-38398CF8AF54}.Debug|Any CPU.ActiveCfg = Debug|Any CPU
		{646A296D-7C9A-401F-A9CA-38398CF8AF54}.Debug|Any CPU.Build.0 = Debug|Any CPU
		{646A296D-7C9A-401F-A9CA-38398CF8AF54}.Release|Any CPU.ActiveCfg = Release|Any CPU
		{646A296D-7C9A-401F-A9CA-38398CF8AF54}.Release|Any CPU.Build.0 = Release|Any CPU
		{10168EAD-7246-4E25-9A02-0C0CFDD1AE8A}.Debug|Any CPU.ActiveCfg = Debug|Any CPU
		{10168EAD-7246-4E25-9A02-0C0CFDD1AE8A}.Debug|Any CPU.Build.0 = Debug|Any CPU
		{10168EAD-7246-4E25-9A02-0C0CFDD1AE8A}.Release|Any CPU.ActiveCfg = Release|Any CPU
		{10168EAD-7246-4E25-9A02-0C0CFDD1AE8A}.Release|Any CPU.Build.0 = Release|Any CPU
		{9DE8D4F0-ADF8-4C8D-84FE-13BF01F3AC42}.Debug|Any CPU.ActiveCfg = Debug|Any CPU
		{9DE8D4F0-ADF8-4C8D-84FE-13BF01F3AC42}.Debug|Any CPU.Build.0 = Debug|Any CPU
		{9DE8D4F0-ADF8-4C8D-84FE-13BF01F3AC42}.Release|Any CPU.ActiveCfg = Release|Any CPU
		{9DE8D4F0-ADF8-4C8D-84FE-13BF01F3AC42}.Release|Any CPU.Build.0 = Release|Any CPU
		{015BC4C5-04D5-4322-8562-012601583729}.Debug|Any CPU.ActiveCfg = Debug|Any CPU
		{015BC4C5-04D5-4322-8562-012601583729}.Debug|Any CPU.Build.0 = Debug|Any CPU
		{015BC4C5-04D5-4322-8562-012601583729}.Release|Any CPU.ActiveCfg = Release|Any CPU
		{015BC4C5-04D5-4322-8562-012601583729}.Release|Any CPU.Build.0 = Release|Any CPU
	EndGlobalSection
	GlobalSection(SolutionProperties) = preSolution
		HideSolutionNode = FALSE
	EndGlobalSection
	GlobalSection(NestedProjects) = preSolution
		{11AA9F5C-9A57-4F5F-B82C-CD48381C4EB5} = {52E1B60F-982D-44C9-8C0E-DC4A5EC4E2DC}
		{5C4B84F3-7055-4931-9A40-C214AA0FBFC8} = {965BB4FD-AAF6-407F-AC0E-08B74E01AA6B}
		{43BC83A5-5EA3-4FE0-A6AB-C89B2FA7F32C} = {965BB4FD-AAF6-407F-AC0E-08B74E01AA6B}
		{92BFC81E-99A4-4C02-B74B-B03B3FA92AE6} = {C40BECC1-723D-45D4-A198-57B9B46868AB}
		{646A296D-7C9A-401F-A9CA-38398CF8AF54} = {C40BECC1-723D-45D4-A198-57B9B46868AB}
		{10168EAD-7246-4E25-9A02-0C0CFDD1AE8A} = {C40BECC1-723D-45D4-A198-57B9B46868AB}
		{9DE8D4F0-ADF8-4C8D-84FE-13BF01F3AC42} = {580F5D48-540D-4EE1-95ED-FB2A46C4739F}
		{015BC4C5-04D5-4322-8562-012601583729} = {ADD2C8C9-E227-4A2B-9808-55E9CB608F7C}
	EndGlobalSection
	GlobalSection(ExtensibilityGlobals) = postSolution
		SolutionGuid = {5F812103-365B-4FA8-BACE-03D4948429CF}
	EndGlobalSection
EndGlobal
